
Microsoft Visual Studio Solution File, Format Version 12.00
# Visual Studio Version 17
VisualStudioVersion = 17.14.36408.4 d17.14
MinimumVisualStudioVersion = 10.0.40219.1
Project("{FAE04EC0-301F-11D3-BF4B-00C04F79EFBC}") = "KernelBuilder", "KernelBuilder.csproj", "{9FF65878-955B-4D78-996F-8365D043DE15}"
EndProject
Global
	GlobalSection(SolutionConfigurationPlatforms) = preSolution
		Debug|Any CPU = Debug|Any CPU
		Release|Any CPU = Release|Any CPU
	EndGlobalSection
	GlobalSection(ProjectConfigurationPlatforms) = postSolution
		{9FF65878-955B-4D78-996F-8365D043DE15}.Debug|Any CPU.ActiveCfg = Debug|Any CPU
		{9FF65878-955B-4D78-996F-8365D043DE15}.Debug|Any CPU.Build.0 = Debug|Any CPU
		{9FF65878-955B-4D78-996F-8365D043DE15}.Release|Any CPU.ActiveCfg = Release|Any CPU
		{9FF65878-955B-4D78-996F-8365D043DE15}.Release|Any CPU.Build.0 = Release|Any CPU
	EndGlobalSection
	GlobalSection(SolutionProperties) = preSolution
		HideSolutionNode = FALSE
	EndGlobalSection
	GlobalSection(ExtensibilityGlobals) = postSolution
		SolutionGuid = {8272029E-785A-4A4E-9690-DEBA8EC92823}
	EndGlobalSection
EndGlobal
